
Microsoft Visual Studio Solution File, Format Version 12.00
# Visual Studio Version 17
VisualStudioVersion = 17.0.31903.59
MinimumVisualStudioVersion = 10.0.40219.1
Project("{9A19103F-16F7-4668-BE54-9A1E7A4F7556}") = "WeTalk.Web", "WeTalk.Web\WeTalk.Web.csproj", "{BB184104-9619-4541-BAF9-A8885AB138A5}"
EndProject
Project("{9A19103F-16F7-4668-BE54-9A1E7A4F7556}") = "WeTalk.Api", "WeTalk.Api\WeTalk.Api.csproj", "{E5E603B7-6F5A-4A0D-842E-CF3792A2F588}"
EndProject
Project("{9A19103F-16F7-4668-BE54-9A1E7A4F7556}") = "WeTalk.Console", "WeTalk.Console\WeTalk.Console.csproj", "{A2734897-DDAF-4211-A68C-A9543DB8BB37}"
EndProject
Project("{2150E333-8FDC-42A3-9474-1A3956D46DE8}") = "0.DbFirst", "0.DbFirst", "{78294E05-5041-4A7A-BC12-AFF5B7B22754}"
EndProject
Project("{9A19103F-16F7-4668-BE54-9A1E7A4F7556}") = "WeTalk.Interfaces", "WeTalk.Interfaces\WeTalk.Interfaces.csproj", "{BE5F399B-C72E-49C6-BFE4-9F4B4FEC4992}"
EndProject
Project("{9A19103F-16F7-4668-BE54-9A1E7A4F7556}") = "WeTalk.Models", "WeTalk.Models\WeTalk.Models.csproj", "{A09A1CD7-B64B-437A-8FE0-63C84A02971C}"
EndProject
Project("{2150E333-8FDC-42A3-9474-1A3956D46DE8}") = "1.Entity", "1.Entity", "{ABAE675C-9992-417E-B4F1-0DEB6BA319FE}"
EndProject
Project("{2150E333-8FDC-42A3-9474-1A3956D46DE8}") = "2.Infrastructure", "2.Infrastructure", "{572EFB79-711F-445F-A3BD-88532BFB39E5}"
EndProject
Project("{2150E333-8FDC-42A3-9474-1A3956D46DE8}") = "3.Interfaces", "3.Interfaces", "{CBC4CF5B-CAB6-4C96-B6D4-804B0DF7F2FB}"
EndProject
Project("{2150E333-8FDC-42A3-9474-1A3956D46DE8}") = "4.Application", "4.Application", "{1ECF37D0-5C1B-41D8-9F40-4757CC6B4DCB}"
EndProject
Project("{9A19103F-16F7-4668-BE54-9A1E7A4F7556}") = "WeTalk.Common", "WeTalk.Common\WeTalk.Common.csproj", "{FAB837FB-1DFC-4BF3-AB18-2A42EEBD694A}"
EndProject
Project("{9A19103F-16F7-4668-BE54-9A1E7A4F7556}") = "WeTalk.Extensions", "WeTalk.Extensions\WeTalk.Extensions.csproj", "{8AED2735-6B87-4A9F-A8CB-C505C5B4AFB7}"
EndProject
Project("{9A19103F-16F7-4668-BE54-9A1E7A4F7556}") = "MySql.WeTalk", "DbFirst\MySql.WeTalk\MySql.WeTalk.csproj", "{BC50CA40-E6AD-49C0-B002-8B6919483E35}"
EndProject
Project("{9A19103F-16F7-4668-BE54-9A1E7A4F7556}") = "SqlSugar", "DbFirst\SqlSugar\SqlSugar.csproj", "{4A71F128-5D75-4548-82D8-5F71D52892B1}"
EndProject
Global
	GlobalSection(SolutionConfigurationPlatforms) = preSolution
		Debug|Any CPU = Debug|Any CPU
		Release|Any CPU = Release|Any CPU
	EndGlobalSection
	GlobalSection(ProjectConfigurationPlatforms) = postSolution
		{BB184104-9619-4541-BAF9-A8885AB138A5}.Debug|Any CPU.ActiveCfg = Debug|Any CPU
		{BB184104-9619-4541-BAF9-A8885AB138A5}.Debug|Any CPU.Build.0 = Debug|Any CPU
		{BB184104-9619-4541-BAF9-A8885AB138A5}.Release|Any CPU.ActiveCfg = Release|Any CPU
		{BB184104-9619-4541-BAF9-A8885AB138A5}.Release|Any CPU.Build.0 = Release|Any CPU
		{E5E603B7-6F5A-4A0D-842E-CF3792A2F588}.Debug|Any CPU.ActiveCfg = Debug|Any CPU
		{E5E603B7-6F5A-4A0D-842E-CF3792A2F588}.Debug|Any CPU.Build.0 = Debug|Any CPU
		{E5E603B7-6F5A-4A0D-842E-CF3792A2F588}.Release|Any CPU.ActiveCfg = Release|Any CPU
		{E5E603B7-6F5A-4A0D-842E-CF3792A2F588}.Release|Any CPU.Build.0 = Release|Any CPU
		{A2734897-DDAF-4211-A68C-A9543DB8BB37}.Debug|Any CPU.ActiveCfg = Debug|Any CPU
		{A2734897-DDAF-4211-A68C-A9543DB8BB37}.Debug|Any CPU.Build.0 = Debug|Any CPU
		{A2734897-DDAF-4211-A68C-A9543DB8BB37}.Release|Any CPU.ActiveCfg = Release|Any CPU
		{A2734897-DDAF-4211-A68C-A9543DB8BB37}.Release|Any CPU.Build.0 = Release|Any CPU
		{BE5F399B-C72E-49C6-BFE4-9F4B4FEC4992}.Debug|Any CPU.ActiveCfg = Debug|Any CPU
		{BE5F399B-C72E-49C6-BFE4-9F4B4FEC4992}.Debug|Any CPU.Build.0 = Debug|Any CPU
		{BE5F399B-C72E-49C6-BFE4-9F4B4FEC4992}.Release|Any CPU.ActiveCfg = Release|Any CPU
		{BE5F399B-C72E-49C6-BFE4-9F4B4FEC4992}.Release|Any CPU.Build.0 = Release|Any CPU
		{A09A1CD7-B64B-437A-8FE0-63C84A02971C}.Debug|Any CPU.ActiveCfg = Debug|Any CPU
		{A09A1CD7-B64B-437A-8FE0-63C84A02971C}.Debug|Any CPU.Build.0 = Debug|Any CPU
		{A09A1CD7-B64B-437A-8FE0-63C84A02971C}.Release|Any CPU.ActiveCfg = Release|Any CPU
		{A09A1CD7-B64B-437A-8FE0-63C84A02971C}.Release|Any CPU.Build.0 = Release|Any CPU
		{FAB837FB-1DFC-4BF3-AB18-2A42EEBD694A}.Debug|Any CPU.ActiveCfg = Debug|Any CPU
		{FAB837FB-1DFC-4BF3-AB18-2A42EEBD694A}.Debug|Any CPU.Build.0 = Debug|Any CPU
		{FAB837FB-1DFC-4BF3-AB18-2A42EEBD694A}.Release|Any CPU.ActiveCfg = Release|Any CPU
		{FAB837FB-1DFC-4BF3-AB18-2A42EEBD694A}.Release|Any CPU.Build.0 = Release|Any CPU
		{8AED2735-6B87-4A9F-A8CB-C505C5B4AFB7}.Debug|Any CPU.ActiveCfg = Debug|Any CPU
		{8AED2735-6B87-4A9F-A8CB-C505C5B4AFB7}.Debug|Any CPU.Build.0 = Debug|Any CPU
		{8AED2735-6B87-4A9F-A8CB-C505C5B4AFB7}.Release|Any CPU.ActiveCfg = Release|Any CPU
		{8AED2735-6B87-4A9F-A8CB-C505C5B4AFB7}.Release|Any CPU.Build.0 = Release|Any CPU
		{BC50CA40-E6AD-49C0-B002-8B6919483E35}.Debug|Any CPU.ActiveCfg = Debug|Any CPU
		{BC50CA40-E6AD-49C0-B002-8B6919483E35}.Debug|Any CPU.Build.0 = Debug|Any CPU
		{BC50CA40-E6AD-49C0-B002-8B6919483E35}.Release|Any CPU.ActiveCfg = Release|Any CPU
		{BC50CA40-E6AD-49C0-B002-8B6919483E35}.Release|Any CPU.Build.0 = Release|Any CPU
		{4A71F128-5D75-4548-82D8-5F71D52892B1}.Debug|Any CPU.ActiveCfg = Debug|Any CPU
		{4A71F128-5D75-4548-82D8-5F71D52892B1}.Debug|Any CPU.Build.0 = Debug|Any CPU
		{4A71F128-5D75-4548-82D8-5F71D52892B1}.Release|Any CPU.ActiveCfg = Release|Any CPU
		{4A71F128-5D75-4548-82D8-5F71D52892B1}.Release|Any CPU.Build.0 = Release|Any CPU
	EndGlobalSection
	GlobalSection(SolutionProperties) = preSolution
		HideSolutionNode = FALSE
	EndGlobalSection
	GlobalSection(NestedProjects) = preSolution
		{BB184104-9619-4541-BAF9-A8885AB138A5} = {1ECF37D0-5C1B-41D8-9F40-4757CC6B4DCB}
		{E5E603B7-6F5A-4A0D-842E-CF3792A2F588} = {1ECF37D0-5C1B-41D8-9F40-4757CC6B4DCB}
		{A2734897-DDAF-4211-A68C-A9543DB8BB37} = {1ECF37D0-5C1B-41D8-9F40-4757CC6B4DCB}
		{BE5F399B-C72E-49C6-BFE4-9F4B4FEC4992} = {CBC4CF5B-CAB6-4C96-B6D4-804B0DF7F2FB}
		{A09A1CD7-B64B-437A-8FE0-63C84A02971C} = {ABAE675C-9992-417E-B4F1-0DEB6BA319FE}
		{FAB837FB-1DFC-4BF3-AB18-2A42EEBD694A} = {572EFB79-711F-445F-A3BD-88532BFB39E5}
		{8AED2735-6B87-4A9F-A8CB-C505C5B4AFB7} = {572EFB79-711F-445F-A3BD-88532BFB39E5}
		{BC50CA40-E6AD-49C0-B002-8B6919483E35} = {78294E05-5041-4A7A-BC12-AFF5B7B22754}
		{4A71F128-5D75-4548-82D8-5F71D52892B1} = {78294E05-5041-4A7A-BC12-AFF5B7B22754}
	EndGlobalSection
	GlobalSection(ExtensibilityGlobals) = postSolution
		SolutionGuid = {43CBB530-EC7D-405E-ADF1-1AE9636E90BF}
	EndGlobalSection
EndGlobal
